
Microsoft Visual Studio Solution File, Format Version 12.00
# Visual Studio Version 16
VisualStudioVersion = 16.0.30225.117
MinimumVisualStudioVersion = 10.0.40219.1
Project("{FAE04EC0-301F-11D3-BF4B-00C04F79EFBC}") = "CmsShoppingCart", "CmsShoppingCart.csproj", "{9075B51D-F406-40B2-8287-DD79B3B035B7}"
EndProject
Global
	GlobalSection(SolutionConfigurationPlatforms) = preSolution
		Debug|Any CPU = Debug|Any CPU
		Release|Any CPU = Release|Any CPU
	EndGlobalSection
	GlobalSection(ProjectConfigurationPlatforms) = postSolution
		{9075B51D-F406-40B2-8287-DD79B3B035B7}.Debug|Any CPU.ActiveCfg = Debug|Any CPU
		{9075B51D-F406-40B2-8287-DD79B3B035B7}.Debug|Any CPU.Build.0 = Debug|Any CPU
		{9075B51D-F406-40B2-8287-DD79B3B035B7}.Release|Any CPU.ActiveCfg = Release|Any CPU
		{9075B51D-F406-40B2-8287-DD79B3B035B7}.Release|Any CPU.Build.0 = Release|Any CPU
	EndGlobalSection
	GlobalSection(SolutionProperties) = preSolution
		HideSolutionNode = FALSE
	EndGlobalSection
	GlobalSection(ExtensibilityGlobals) = postSolution
		SolutionGuid = {CC4D18BC-C490-4463-9DD8-F8E94E194F73}
	EndGlobalSection
EndGlobal
